{
  "version": "5",
  "specifiers": {
    "jsr:@std/assert@1": "1.0.19",
    "jsr:@std/dotenv@0.225.7": "0.225.7",
    "jsr:@std/internal@^1.0.12": "1.0.14",
    "npm:arktype@^2.2.2": "2.2.2"
  },
  "jsr": {
    "@std/assert@1.0.19": {
      "integrity": "eaada96ee120cb980bc47e040f82814d786fe8162ecc53c91d8df60b8755991e",
      "dependencies": [
        "jsr:@std/internal"
      ]
    },
    "@std/dotenv@0.225.7": {
      "integrity": "11d8db03ca4ad5aba9eba809f2e8058b2a4f320b7b09fea4b360e162928329e3"
    },
    "@std/internal@1.0.14": {
      "integrity": "291516b3d4c35024d6ffbc0a9df5bf4c64116e05b50012cf846710152d2ffdf7"
    }
  },
  "npm": {
    "@ark/schema@0.56.1": {
      "integrity": "sha512-1Cf2g9nKD8K/3JGRu+gCCfYw5d4qR8YLLjDs5W5kpmaButCYWAPFUJqSXyBATPjglzCd4tIkp398iPYVs8MjRA==",
      "dependencies": [
        "@ark/util"
      ]
    },
    "@ark/util@0.56.1": {
      "integrity": "sha512-Tp1rTik3q5Z+jAeeDxr5JZpmVIw0miti1ykSEHyZv5Pw3TIJl2xbN6KTacOxITp0l3s9ytlrWd30Zvqcy5vzoQ=="
    },
    "arkregex@0.0.7": {
      "integrity": "sha512-O/Ltrn9EUSn3ui0KVzfyrWGDUsHlzKxDVBtpQxL/6JmLRMAZAebfSNf/A/J5Ny5S6QIwrXX+RfXsu888HMs35A==",
      "dependencies": [
        "@ark/util"
      ]
    },
    "arktype@2.2.2": {
      "integrity": "sha512-YYf1xhL2dh5aPZFlsY0RAsxv5HZqfLGLptH2ZP3JidTmsGRW8VOymhPjjMTkerL12vR2YtX0SK4c1mATtae8SA==",
      "dependencies": [
        "@ark/schema",
        "@ark/util",
        "arkregex"
      ]
    }
  },
  "workspace": {
    "dependencies": [
      "jsr:@std/assert@1",
      "jsr:@std/dotenv@0.225.7",
      "npm:arktype@^2.2.2"
    ]
  }
}
